PODS:
  - LRSMessageToolBarComponents (0.2.3):
    - LRSMessageToolBarComponents/Core (= 0.2.3)
  - LRSMessageToolBarComponents/Core (0.2.3):
    - LRSMessageToolBarComponents/Emoji
    - LRSMessageToolBarComponents/InputBar
  - LRSMessageToolBarComponents/Emoji (0.2.3):
    - LRSMessageToolBarComponents/Helper
    - SnapKit
  - LRSMessageToolBarComponents/Helper (0.2.3):
    - Then
  - LRSMessageToolBarComponents/InputBar (0.2.3):
    - LRSMessageToolBarComponents/Helper
    - SnapKit
  - SnapKit (5.0.1)
  - Then (2.7.0)

DEPENDENCIES:
  - LRSMessageToolBarComponents (from `../`)
  - SnapKit

SPEC REPOS:
  trunk:
    - SnapKit
    - Then

EXTERNAL SOURCES:
  LRSMessageToolBarComponents:
    :path: "../"

SPEC CHECKSUMS:
  LRSMessageToolBarComponents: a6ec42c28cd23ec6ae900bc14b48743d617e8a1c
  SnapKit: 97b92857e3df3a0c71833cce143274bf6ef8e5eb
  Then: acfe0be7e98221c6204e12f8161459606d5d822d

PODFILE CHECKSUM: 9d2927d75cd2db2a5cb61a3da046e3b04b57780a

COCOAPODS: 1.10.2
